Microsoft Visual Studio Solution File, Format Version 12.00
# Visual Studio Version 17
VisualStudioVersion = 17.5.2.0
MinimumVisualStudioVersion = 10.0.40219.1
Project("{FAE04EC0-301F-11D3-BF4B-00C04F79EFBC}") = "RubyDung", "RubyDung.csproj", "{3D3667EF-3F41-33D3-14AF-7F242F761145}"
EndProject
Global
	GlobalSection(SolutionConfigurationPlatforms) = preSolution
		Debug|Any CPU = Debug|Any CPU
		Release|Any CPU = Release|Any CPU
	EndGlobalSection
	GlobalSection(ProjectConfigurationPlatforms) = postSolution
		{3D3667EF-3F41-33D3-14AF-7F242F761145}.Debug|Any CPU.ActiveCfg = Debug|Any CPU
		{3D3667EF-3F41-33D3-14AF-7F242F761145}.Debug|Any CPU.Build.0 = Debug|Any CPU
		{3D3667EF-3F41-33D3-14AF-7F242F761145}.Release|Any CPU.ActiveCfg = Release|Any CPU
		{3D3667EF-3F41-33D3-14AF-7F242F761145}.Release|Any CPU.Build.0 = Release|Any CPU
	EndGlobalSection
	GlobalSection(SolutionProperties) = preSolution
		HideSolutionNode = FALSE
	EndGlobalSection
	GlobalSection(ExtensibilityGlobals) = postSolution
		SolutionGuid = {950E8111-A8A3-451F-A7CA-845C3B6C1911}
	EndGlobalSection
EndGlobal
